
Microsoft Visual Studio Solution File, Format Version 12.00
# Visual Studio Version 17
VisualStudioVersion = 17.6.33815.320
MinimumVisualStudioVersion = 10.0.40219.1
Project("{FAE04EC0-301F-11D3-BF4B-00C04F79EFBC}") = "Simple.Extensions", "Simple.Extensions\Simple.Extensions.csproj", "{01EE6673-F758-402F-9F1E-7D19EA1E5F82}"
EndProject
Project("{2150E333-8FDC-42A3-9474-1A3956D46DE8}") = "Testing", "Testing", "{30EB6CC6-F944-46FB-80C1-3DB19001858F}"
EndProject
Project("{FAE04EC0-301F-11D3-BF4B-00C04F79EFBC}") = "Simple.Extensions.Testing", "Testing\Simple.Extensions.Testing\Simple.Extensions.Testing.csproj", "{266F9F1A-AF3B-48FB-8A30-C659E0E1D713}"
EndProject
Global
	GlobalSection(SolutionConfigurationPlatforms) = preSolution
		Debug|Any CPU = Debug|Any CPU
		Release|Any CPU = Release|Any CPU
	EndGlobalSection
	GlobalSection(ProjectConfigurationPlatforms) = postSolution
		{01EE6673-F758-402F-9F1E-7D19EA1E5F82}.Debug|Any CPU.ActiveCfg = Debug|Any CPU
		{01EE6673-F758-402F-9F1E-7D19EA1E5F82}.Debug|Any CPU.Build.0 = Debug|Any CPU
		{01EE6673-F758-402F-9F1E-7D19EA1E5F82}.Release|Any CPU.ActiveCfg = Release|Any CPU
		{01EE6673-F758-402F-9F1E-7D19EA1E5F82}.Release|Any CPU.Build.0 = Release|Any CPU
		{266F9F1A-AF3B-48FB-8A30-C659E0E1D713}.Debug|Any CPU.ActiveCfg = Debug|Any CPU
		{266F9F1A-AF3B-48FB-8A30-C659E0E1D713}.Debug|Any CPU.Build.0 = Debug|Any CPU
		{266F9F1A-AF3B-48FB-8A30-C659E0E1D713}.Release|Any CPU.ActiveCfg = Release|Any CPU
		{266F9F1A-AF3B-48FB-8A30-C659E0E1D713}.Release|Any CPU.Build.0 = Release|Any CPU
	EndGlobalSection
	GlobalSection(SolutionProperties) = preSolution
		HideSolutionNode = FALSE
	EndGlobalSection
	GlobalSection(NestedProjects) = preSolution
		{266F9F1A-AF3B-48FB-8A30-C659E0E1D713} = {30EB6CC6-F944-46FB-80C1-3DB19001858F}
	EndGlobalSection
	GlobalSection(ExtensibilityGlobals) = postSolution
		SolutionGuid = {6DDD33D6-AF6F-467A-8CA5-A8843A33D9DB}
	EndGlobalSection
EndGlobal
